
Microsoft Visual Studio Solution File, Format Version 12.00
# Visual Studio Version 17
VisualStudioVersion = 17.0.31903.59
MinimumVisualStudioVersion = 10.0.40219.1
Project("{FAE04EC0-301F-11D3-BF4B-00C04F79EFBC}") = "GuessingGame.API", "GuessingGame.API\GuessingGame.API.csproj", "{6C84ECAD-4CC4-4475-9999-20594105C17B}"
EndProject
Project("{FAE04EC0-301F-11D3-BF4B-00C04F79EFBC}") = "GuessingGame.Tests", "GuessingGame.Tests\GuessingGame.Tests.csproj", "{AE579E26-70BF-4BA5-BBE0-63FFC317D278}"
EndProject
Global
	GlobalSection(SolutionConfigurationPlatforms) = preSolution
		Debug|Any CPU = Debug|Any CPU
		Release|Any CPU = Release|Any CPU
	EndGlobalSection
	GlobalSection(SolutionProperties) = preSolution
		HideSolutionNode = FALSE
	EndGlobalSection
	GlobalSection(ProjectConfigurationPlatforms) = postSolution
		{6C84ECAD-4CC4-4475-9999-20594105C17B}.Debug|Any CPU.ActiveCfg = Debug|Any CPU
		{6C84ECAD-4CC4-4475-9999-20594105C17B}.Debug|Any CPU.Build.0 = Debug|Any CPU
		{6C84ECAD-4CC4-4475-9999-20594105C17B}.Release|Any CPU.ActiveCfg = Release|Any CPU
		{6C84ECAD-4CC4-4475-9999-20594105C17B}.Release|Any CPU.Build.0 = Release|Any CPU
		{AE579E26-70BF-4BA5-BBE0-63FFC317D278}.Debug|Any CPU.ActiveCfg = Debug|Any CPU
		{AE579E26-70BF-4BA5-BBE0-63FFC317D278}.Debug|Any CPU.Build.0 = Debug|Any CPU
		{AE579E26-70BF-4BA5-BBE0-63FFC317D278}.Release|Any CPU.ActiveCfg = Release|Any CPU
		{AE579E26-70BF-4BA5-BBE0-63FFC317D278}.Release|Any CPU.Build.0 = Release|Any CPU
	EndGlobalSection
EndGlobal
